[Project]
Dev_0\type=65534
Dev_0\pos=@Variant(\0\0\0\x1a@\x82\xc0\0\0\0\0\0@>\0\0\0\0\0\0)
Dev_0\ZValue=0
Dev_0\monitor=false
Dev_0\roomProj=D:/_Fitcan\x5de5\x4f5c\x76ee\x5f55/\x516c\x53f8\x9879\x76ee/RS2000Lua/\x4e1c\x65b9\x4f73\x8054KEMU Designer_v2.0.2.16[2023-02-03 8X8\x5185\x90e8\x6d4b\x8bd5\x7248]/_DefaultSln/\x623f\x95f4\x41.pro
Infomation\size=@Variant(\0\0\0\x16@\x95\xe0\0\0\0\0\0@\x8c \0\0\0\0\0)
Infomation\totalDev=1
Infomation\totalLine=0
